<?xml version="1.0" encoding="utf-8"?>
<Project ToolsVersion="4.0" xmlns="http://schemas.microsoft.com/developer/msbuild/2003">
  <ItemGroup>
    <Filter Include="Source Files">
      <UniqueIdentifier>{4FC737F1-C7A5-4376-A066-2A32D752A2FF}</UniqueIdentifier>
      <Extensions>cpp;c;cc;cxx;c++;cppm;ixx;def;odl;idl;hpj;bat;asm;asmx</Extensions>
    </Filter>
    <Filter Include="Header Files">
      <UniqueIdentifier>{93995380-89BD-4b04-88EB-625FBE52EBFB}</UniqueIdentifier>
      <Extensions>h;hh;hpp;hxx;h++;hm;inl;inc;ipp;xsd</Extensions>
    </Filter>
    <Filter Include="Resource Files">
      <UniqueIdentifier>{67DA6AB6-F800-4c08-8B7A-83BB121AAD01}</UniqueIdentifier>
      <Extensions>rc;ico;cur;bmp;dlg;rc2;rct;bin;rgs;gif;jpg;jpeg;jpe;resx;tiff;tif;png;wav;mfcribbon-ms</Extensions>
    </Filter>
    <Filter Include="Header Files\Structs">
      <UniqueIdentifier>{0a08f733-0af9-4be4-8752-7f1dfe8887d4}</UniqueIdentifier>
    </Filter>
    <Filter Include="Header Files\Data">
      <UniqueIdentifier>{a0706fb1-73b9-4ada-bdb6-aff58116477c}</UniqueIdentifier>
    </Filter>
    <Filter Include="Header Files\Models">
      <UniqueIdentifier>{55ceba15-f2bc-400e-a3cf-9f6080c07c4d}</UniqueIdentifier>
    </Filter>
    <Filter Include="Header Files\Exceptions">
      <UniqueIdentifier>{b7cdeeb5-5f9e-4614-8e86-a6381e78bd44}</UniqueIdentifier>
    </Filter>
  </ItemGroup>
  <ItemGroup>
    <ClCompile Include="LimeSteel.cpp">
      <Filter>Source Files</Filter>
    </ClCompile>
    <ClCompile Include="DirectoryService.cpp">
      <Filter>Source Files</Filter>
    </ClCompile>
    <ClCompile Include="CsvDriver.cpp">
      <Filter>Source Files</Filter>
    </ClCompile>
    <ClCompile Include="GuidFactory.cpp">
      <Filter>Source Files</Filter>
    </ClCompile>
    <ClCompile Include="DataSeeder.cpp">
      <Filter>Source Files</Filter>
    </ClCompile>
    <ClCompile Include="Primitives.h">
      <Filter>Header Files</Filter>
    </ClCompile>
    <ClCompile Include="Constants.h">
      <Filter>Header Files</Filter>
    </ClCompile>
  </ItemGroup>
  <ItemGroup>
    <ClInclude Include="DirectoryService.h">
      <Filter>Header Files</Filter>
    </ClInclude>
    <ClInclude Include="CsvDriver.h">
      <Filter>Header Files</Filter>
    </ClInclude>
    <ClInclude Include="GuidFactory.h">
      <Filter>Header Files</Filter>
    </ClInclude>
    <ClInclude Include="DataSeeder.h">
      <Filter>Header Files</Filter>
    </ClInclude>
    <ClInclude Include="Model.h">
      <Filter>Header Files\Models</Filter>
    </ClInclude>
    <ClInclude Include="Person.h">
      <Filter>Header Files\Models</Filter>
    </ClInclude>
    <ClInclude Include="InvalidRowSizeException.h">
      <Filter>Header Files\Exceptions</Filter>
    </ClInclude>
    <ClInclude Include="PersonRepository.h">
      <Filter>Header Files\Data</Filter>
    </ClInclude>
    <ClInclude Include="Table.h">
      <Filter>Header Files\Data</Filter>
    </ClInclude>
    <ClInclude Include="Invoice.h">
      <Filter>Header Files\Models</Filter>
    </ClInclude>
    <ClInclude Include="InvoiceRepository.h">
      <Filter>Header Files\Data</Filter>
    </ClInclude>
    <ClInclude Include="Migrations.h">
      <Filter>Header Files</Filter>
    </ClInclude>
  </ItemGroup>
</Project>